
Microsoft Visual Studio Solution File, Format Version 12.00
# Visual Studio Version 16
VisualStudioVersion = 16.0.31424.327
MinimumVisualStudioVersion = 10.0.40219.1
Project("{FAE04EC0-301F-11D3-BF4B-00C04F79EFBC}") = "Macropse.Domain", "Macropse.Domain\Macropse.Domain.csproj", "{E434B9CA-7C95-4C47-8CB6-EB24F8B1AA8C}"
EndProject
Project("{FAE04EC0-301F-11D3-BF4B-00C04F79EFBC}") = "Macropse.Infrastructure", "Macropse.Infrastructure\Macropse.Infrastructure.csproj", "{E44BBDAA-0251-4328-8CCA-1249C97DD998}"
EndProject
Project("{9A19103F-16F7-4668-BE54-9A1E7A4F7556}") = "Macropse.Domain.Unit.Test", "Macropse.Domain.Unit.Test\Macropse.Domain.Unit.Test.csproj", "{8752505C-35C1-4C04-9105-4402AEB7DA2F}"
EndProject
Project("{FAE04EC0-301F-11D3-BF4B-00C04F79EFBC}") = "Macropse.Domain.External", "Macropse.Domain.External\Macropse.Domain.External.csproj", "{24FD4994-DCAA-42A0-ADAB-D8EB4256AD26}"
EndProject
Project("{FAE04EC0-301F-11D3-BF4B-00C04F79EFBC}") = "Macropse.Presentation.Evaluator", "Macropse.Presentation.Evaluator\Macropse.Presentation.Evaluator.csproj", "{6EBAF30F-055B-4A91-B165-88DFAE74B701}"
EndProject
Global
	GlobalSection(SolutionConfigurationPlatforms) = preSolution
		Debug|Any CPU = Debug|Any CPU
		Release|Any CPU = Release|Any CPU
	EndGlobalSection
	GlobalSection(ProjectConfigurationPlatforms) = postSolution
		{E434B9CA-7C95-4C47-8CB6-EB24F8B1AA8C}.Debug|Any CPU.ActiveCfg = Debug|Any CPU
		{E434B9CA-7C95-4C47-8CB6-EB24F8B1AA8C}.Debug|Any CPU.Build.0 = Debug|Any CPU
		{E434B9CA-7C95-4C47-8CB6-EB24F8B1AA8C}.Release|Any CPU.ActiveCfg = Release|Any CPU
		{E434B9CA-7C95-4C47-8CB6-EB24F8B1AA8C}.Release|Any CPU.Build.0 = Release|Any CPU
		{E44BBDAA-0251-4328-8CCA-1249C97DD998}.Debug|Any CPU.ActiveCfg = Debug|Any CPU
		{E44BBDAA-0251-4328-8CCA-1249C97DD998}.Debug|Any CPU.Build.0 = Debug|Any CPU
		{E44BBDAA-0251-4328-8CCA-1249C97DD998}.Release|Any CPU.ActiveCfg = Release|Any CPU
		{E44BBDAA-0251-4328-8CCA-1249C97DD998}.Release|Any CPU.Build.0 = Release|Any CPU
		{8752505C-35C1-4C04-9105-4402AEB7DA2F}.Debug|Any CPU.ActiveCfg = Debug|Any CPU
		{8752505C-35C1-4C04-9105-4402AEB7DA2F}.Debug|Any CPU.Build.0 = Debug|Any CPU
		{8752505C-35C1-4C04-9105-4402AEB7DA2F}.Release|Any CPU.ActiveCfg = Release|Any CPU
		{8752505C-35C1-4C04-9105-4402AEB7DA2F}.Release|Any CPU.Build.0 = Release|Any CPU
		{24FD4994-DCAA-42A0-ADAB-D8EB4256AD26}.Debug|Any CPU.ActiveCfg = Debug|Any CPU
		{24FD4994-DCAA-42A0-ADAB-D8EB4256AD26}.Debug|Any CPU.Build.0 = Debug|Any CPU
		{24FD4994-DCAA-42A0-ADAB-D8EB4256AD26}.Release|Any CPU.ActiveCfg = Release|Any CPU
		{24FD4994-DCAA-42A0-ADAB-D8EB4256AD26}.Release|Any CPU.Build.0 = Release|Any CPU
		{6EBAF30F-055B-4A91-B165-88DFAE74B701}.Debug|Any CPU.ActiveCfg = Debug|Any CPU
		{6EBAF30F-055B-4A91-B165-88DFAE74B701}.Debug|Any CPU.Build.0 = Debug|Any CPU
		{6EBAF30F-055B-4A91-B165-88DFAE74B701}.Release|Any CPU.ActiveCfg = Release|Any CPU
		{6EBAF30F-055B-4A91-B165-88DFAE74B701}.Release|Any CPU.Build.0 = Release|Any CPU
	EndGlobalSection
	GlobalSection(SolutionProperties) = preSolution
		HideSolutionNode = FALSE
	EndGlobalSection
	GlobalSection(ExtensibilityGlobals) = postSolution
		SolutionGuid = {5E662815-366F-4289-903B-125A7F7CBC47}
	EndGlobalSection
EndGlobal
